<?xml version="1.0" encoding="utf-8"?>
<Project ToolsVersion="4.0" xmlns="http://schemas.microsoft.com/developer/msbuild/2003">
  <ItemGroup>
    <Filter Include="Quelldateien">
      <UniqueIdentifier>{4FC737F1-C7A5-4376-A066-2A32D752A2FF}</UniqueIdentifier>
      <Extensions>cpp;c;cc;cxx;def;odl;idl;hpj;bat;asm;asmx</Extensions>
    </Filter>
    <Filter Include="Headerdateien">
      <UniqueIdentifier>{93995380-89BD-4b04-88EB-625FBE52EBFB}</UniqueIdentifier>
      <Extensions>h;hh;hpp;hxx;hm;inl;inc;xsd</Extensions>
    </Filter>
    <Filter Include="Ressourcendateien">
      <UniqueIdentifier>{67DA6AB6-F800-4c08-8B7A-83BB121AAD01}</UniqueIdentifier>
      <Extensions>rc;ico;cur;bmp;dlg;rc2;rct;bin;rgs;gif;jpg;jpeg;jpe;resx;tiff;tif;png;wav;mfcribbon-ms</Extensions>
    </Filter>
    <Filter Include="Headerdateien\ttl">
      <UniqueIdentifier>{a95d3279-c2e5-42b7-94cc-8015ac661f97}</UniqueIdentifier>
    </Filter>
    <Filter Include="Documentation">
      <UniqueIdentifier>{c40a898c-6647-4b53-89f2-6bc21cb1c76a}</UniqueIdentifier>
    </Filter>
    <Filter Include="Headerdateien\ttl\io">
      <UniqueIdentifier>{702b9b9b-f816-44d7-95db-f925a28ef0c8}</UniqueIdentifier>
    </Filter>
  </ItemGroup>
  <ItemGroup>
    <ClCompile Include="ConfigTest.cpp">
      <Filter>Quelldateien</Filter>
    </ClCompile>
    <ClCompile Include="StringTest.cpp">
      <Filter>Quelldateien</Filter>
    </ClCompile>
    <ClCompile Include="LoggerTest.cpp">
      <Filter>Quelldateien</Filter>
    </ClCompile>
    <ClCompile Include="TimerTest.cpp">
      <Filter>Quelldateien</Filter>
    </ClCompile>
    <ClCompile Include="ProcessTest.cpp">
      <Filter>Quelldateien</Filter>
    </ClCompile>
    <ClCompile Include="DynLibTest.cpp">
      <Filter>Quelldateien</Filter>
    </ClCompile>
    <ClCompile Include="LINQTest.cpp">
      <Filter>Quelldateien</Filter>
    </ClCompile>
    <ClCompile Include="SignalTest.cpp">
      <Filter>Quelldateien</Filter>
    </ClCompile>
    <ClCompile Include="ContractTest.cpp">
      <Filter>Quelldateien</Filter>
    </ClCompile>
    <ClCompile Include="AnyTest.cpp">
      <Filter>Quelldateien</Filter>
    </ClCompile>
    <ClCompile Include="TypeTest.cpp">
      <Filter>Quelldateien</Filter>
    </ClCompile>
    <ClCompile Include="RCUTest.cpp">
      <Filter>Quelldateien</Filter>
    </ClCompile>
    <ClCompile Include="BinaryReaderWriterTest.cpp">
      <Filter>Quelldateien</Filter>
    </ClCompile>
    <ClCompile Include="CRCTest.cpp">
      <Filter>Quelldateien</Filter>
    </ClCompile>
    <ClCompile Include="ModuleTest.cpp">
      <Filter>Quelldateien</Filter>
    </ClCompile>
    <ClCompile Include="MMAPTest.cpp">
      <Filter>Quelldateien</Filter>
    </ClCompile>
    <ClCompile Include="PredicateTest.cpp">
      <Filter>Quelldateien</Filter>
    </ClCompile>
    <ClCompile Include="ZipStreamTest.cpp">
      <Filter>Quelldateien</Filter>
    </ClCompile>
    <ClCompile Include="DeflaterTest.cpp">
      <Filter>Quelldateien</Filter>
    </ClCompile>
    <ClCompile Include="InflaterTest.cpp">
      <Filter>Quelldateien</Filter>
    </ClCompile>
    <ClCompile Include="ZipReaderTest.cpp">
      <Filter>Quelldateien</Filter>
    </ClCompile>
  </ItemGroup>
  <ItemGroup>
    <ClInclude Include="include\ttl\config.h">
      <Filter>Headerdateien\ttl</Filter>
    </ClInclude>
    <ClInclude Include="include\ttl\dynlib.h">
      <Filter>Headerdateien\ttl</Filter>
    </ClInclude>
    <ClInclude Include="include\ttl\linq.h">
      <Filter>Headerdateien\ttl</Filter>
    </ClInclude>
    <ClInclude Include="include\ttl\logger.h">
      <Filter>Headerdateien\ttl</Filter>
    </ClInclude>
    <ClInclude Include="include\ttl\noncopyable.h">
      <Filter>Headerdateien\ttl</Filter>
    </ClInclude>
    <ClInclude Include="include\ttl\process.h">
      <Filter>Headerdateien\ttl</Filter>
    </ClInclude>
    <ClInclude Include="include\ttl\string_util.h">
      <Filter>Headerdateien\ttl</Filter>
    </ClInclude>
    <ClInclude Include="include\ttl\timer.h">
      <Filter>Headerdateien\ttl</Filter>
    </ClInclude>
    <ClInclude Include="include\ttl\signal.h">
      <Filter>Headerdateien\ttl</Filter>
    </ClInclude>
    <ClInclude Include="include\ttl\contract.h">
      <Filter>Headerdateien\ttl</Filter>
    </ClInclude>
    <ClInclude Include="include\ttl\any.h">
      <Filter>Headerdateien\ttl</Filter>
    </ClInclude>
    <ClInclude Include="include\ttl\noop_mutex.h">
      <Filter>Headerdateien\ttl</Filter>
    </ClInclude>
    <ClInclude Include="include\ttl\type.h">
      <Filter>Headerdateien\ttl</Filter>
    </ClInclude>
    <ClInclude Include="include\ttl\rcu.h">
      <Filter>Headerdateien\ttl</Filter>
    </ClInclude>
    <ClInclude Include="include\ttl\binary_writer.h">
      <Filter>Headerdateien\ttl</Filter>
    </ClInclude>
    <ClInclude Include="include\ttl\binary_reader.h">
      <Filter>Headerdateien\ttl</Filter>
    </ClInclude>
    <ClInclude Include="include\ttl\crc.h">
      <Filter>Headerdateien\ttl</Filter>
    </ClInclude>
    <ClInclude Include="include\ttl\to_string.h">
      <Filter>Headerdateien\ttl</Filter>
    </ClInclude>
    <ClInclude Include="include\ttl\module.h">
      <Filter>Headerdateien\ttl</Filter>
    </ClInclude>
    <ClInclude Include="include\ttl\mmap.h">
      <Filter>Headerdateien\ttl</Filter>
    </ClInclude>
    <ClInclude Include="include\ttl\predicate.h">
      <Filter>Headerdateien\ttl</Filter>
    </ClInclude>
    <ClInclude Include="include\ttl\io\zip_stream.h">
      <Filter>Headerdateien\ttl\io</Filter>
    </ClInclude>
    <ClInclude Include="include\ttl\io\zip_internals.h">
      <Filter>Headerdateien\ttl\io</Filter>
    </ClInclude>
    <ClInclude Include="include\ttl\io\zip_entry.h">
      <Filter>Headerdateien\ttl\io</Filter>
    </ClInclude>
    <ClInclude Include="include\ttl\io\deflater.h">
      <Filter>Headerdateien\ttl\io</Filter>
    </ClInclude>
    <ClInclude Include="include\ttl\io\deflate_stream.h">
      <Filter>Headerdateien\ttl\io</Filter>
    </ClInclude>
    <ClInclude Include="include\ttl\io\inflater.h">
      <Filter>Headerdateien\ttl\io</Filter>
    </ClInclude>
    <ClInclude Include="include\ttl\io\inflate_stream.h">
      <Filter>Headerdateien\ttl\io</Filter>
    </ClInclude>
    <ClInclude Include="include\ttl\io\zip_reader.h">
      <Filter>Headerdateien\ttl\io</Filter>
    </ClInclude>
  </ItemGroup>
  <ItemGroup>
    <None Include="..\doc\LINQ.md">
      <Filter>Documentation</Filter>
    </None>
  </ItemGroup>
</Project>